github.com/muhammadmuzzammil1998/jsonc v0.0.0-20200627155943-e1c384b63054 h1:Bo9HLef/wbCX3tIFQQjOZeFf7ydmGDxOmiJ2ZygsuHU=
github.com/muhammadmuzzammil1998/jsonc v0.0.0-20200627155943-e1c384b63054/go.mod h1:saF2fIVw4banK0H4+/EuqfFLpRnoy5S+ECwTOCcRcSU=
github.com/webview/webview v0.0.0-20200724072439-e0c01595b361 h1:e0+/fQY5l9NdCwPsEg9S8AgE5lFhZ/6UX+b2KkpIBFg=
github.com/webview/webview v0.0.0-20200724072439-e0c01595b361/go.mod h1:rpXAuuHgyEJb6kXcXldlkOjU6y4x+YcASKKXJNUhh0Y=
