github.com/muhammadmuzzammil1998/jsonc v0.0.0-20200627155943-e1c384b63054 h1:Bo9HLef/wbCX3tIFQQjOZeFf7ydmGDxOmiJ2ZygsuHU=
github.com/muhammadmuzzammil1998/jsonc v0.0.0-20200627155943-e1c384b63054/go.mod h1:saF2fIVw4banK0H4+/EuqfFLpRnoy5S+ECwTOCcRcSU=
github.com/webview/webview v0.0.0-20200121135717-9c1b0a888aa4 h1:W38WUJBMDzUvRtx8XXWa/kqQUSFnJ9/6LbFvy5P6ERk=
github.com/webview/webview v0.0.0-20200121135717-9c1b0a888aa4/go.mod h1:Zk81X+8/mp/MNoeJXXK4Noydn8pcea09e00dFfAwrxg=
